
Microsoft Visual Studio Solution File, Format Version 12.00
# Visual Studio Version 17
VisualStudioVersion = 17.1.32210.238
MinimumVisualStudioVersion = 10.0.40219.1
Project("{FAE04EC0-301F-11D3-BF4B-00C04F79EFBC}") = "LinqScratchpad032022", "LinqScratchpad032022\LinqScratchpad032022.csproj", "{399B5E7F-6A5F-4DD8-B158-2F69B1B3F8C8}"
EndProject
Global
	GlobalSection(SolutionConfigurationPlatforms) = preSolution
		Debug|Any CPU = Debug|Any CPU
		Release|Any CPU = Release|Any CPU
	EndGlobalSection
	GlobalSection(ProjectConfigurationPlatforms) = postSolution
		{399B5E7F-6A5F-4DD8-B158-2F69B1B3F8C8}.Debug|Any CPU.ActiveCfg = Debug|Any CPU
		{399B5E7F-6A5F-4DD8-B158-2F69B1B3F8C8}.Debug|Any CPU.Build.0 = Debug|Any CPU
		{399B5E7F-6A5F-4DD8-B158-2F69B1B3F8C8}.Release|Any CPU.ActiveCfg = Release|Any CPU
		{399B5E7F-6A5F-4DD8-B158-2F69B1B3F8C8}.Release|Any CPU.Build.0 = Release|Any CPU
	EndGlobalSection
	GlobalSection(SolutionProperties) = preSolution
		HideSolutionNode = FALSE
	EndGlobalSection
	GlobalSection(ExtensibilityGlobals) = postSolution
		SolutionGuid = {2CFB83D9-EEB8-4AB1-A919-8D4CC04F8456}
	EndGlobalSection
EndGlobal
